
Microsoft Visual Studio Solution File, Format Version 12.00
# Visual Studio 2013
VisualStudioVersion = 12.0.40629.0
MinimumVisualStudioVersion = 10.0.40219.1
Project("{FAE04EC0-301F-11D3-BF4B-00C04F79EFBC}") = "Seed.BarCodeMvc", "Seed.BarCodeMvc\Seed.BarCodeMvc.csproj", "{BCBC2F51-664E-4275-8993-22EBD89094DF}"
	ProjectSection(ProjectDependencies) = postProject
		{C043EEFA-7CAF-4702-BD93-4C4F9E7FA9CF} = {C043EEFA-7CAF-4702-BD93-4C4F9E7FA9CF}
	EndProjectSection
EndProject
Project("{FAE04EC0-301F-11D3-BF4B-00C04F79EFBC}") = "Seed.BarCodeCore", "Seed.BarCodeCore\Seed.BarCodeCore.csproj", "{C043EEFA-7CAF-4702-BD93-4C4F9E7FA9CF}"
EndProject
Project("{FAE04EC0-301F-11D3-BF4B-00C04F79EFBC}") = "Seed.BarCodeLine", "Seed.BarCodeLine\Seed.BarCodeLine.csproj", "{5C035A8F-150B-4F0D-973F-EEEEE3C6059A}"
EndProject
Project("{FAE04EC0-301F-11D3-BF4B-00C04F79EFBC}") = "Seed.StockOutScan", "Seed.BarCodeStore\Seed.StockOutScan.csproj", "{0A638338-6559-4093-B3FE-0B410CF19502}"
EndProject
Global
	GlobalSection(SolutionConfigurationPlatforms) = preSolution
		Debug|Any CPU = Debug|Any CPU
		Release|Any CPU = Release|Any CPU
	EndGlobalSection
	GlobalSection(ProjectConfigurationPlatforms) = postSolution
		{BCBC2F51-664E-4275-8993-22EBD89094DF}.Debug|Any CPU.ActiveCfg = Debug|Any CPU
		{BCBC2F51-664E-4275-8993-22EBD89094DF}.Debug|Any CPU.Build.0 = Debug|Any CPU
		{BCBC2F51-664E-4275-8993-22EBD89094DF}.Release|Any CPU.ActiveCfg = Release|Any CPU
		{BCBC2F51-664E-4275-8993-22EBD89094DF}.Release|Any CPU.Build.0 = Release|Any CPU
		{C043EEFA-7CAF-4702-BD93-4C4F9E7FA9CF}.Debug|Any CPU.ActiveCfg = Debug|Any CPU
		{C043EEFA-7CAF-4702-BD93-4C4F9E7FA9CF}.Debug|Any CPU.Build.0 = Debug|Any CPU
		{C043EEFA-7CAF-4702-BD93-4C4F9E7FA9CF}.Release|Any CPU.ActiveCfg = Release|Any CPU
		{C043EEFA-7CAF-4702-BD93-4C4F9E7FA9CF}.Release|Any CPU.Build.0 = Release|Any CPU
		{5C035A8F-150B-4F0D-973F-EEEEE3C6059A}.Debug|Any CPU.ActiveCfg = Debug|Any CPU
		{5C035A8F-150B-4F0D-973F-EEEEE3C6059A}.Debug|Any CPU.Build.0 = Debug|Any CPU
		{5C035A8F-150B-4F0D-973F-EEEEE3C6059A}.Release|Any CPU.ActiveCfg = Release|Any CPU
		{5C035A8F-150B-4F0D-973F-EEEEE3C6059A}.Release|Any CPU.Build.0 = Release|Any CPU
		{0A638338-6559-4093-B3FE-0B410CF19502}.Debug|Any CPU.ActiveCfg = Debug|Any CPU
		{0A638338-6559-4093-B3FE-0B410CF19502}.Debug|Any CPU.Build.0 = Debug|Any CPU
		{0A638338-6559-4093-B3FE-0B410CF19502}.Release|Any CPU.ActiveCfg = Release|Any CPU
		{0A638338-6559-4093-B3FE-0B410CF19502}.Release|Any CPU.Build.0 = Release|Any CPU
	EndGlobalSection
	GlobalSection(SolutionProperties) = preSolution
		HideSolutionNode = FALSE
	EndGlobalSection
EndGlobal
